Microsoft Visual Studio Solution File, Format Version 12.00
# Visual Studio Version 17
VisualStudioVersion = 17.5.2.0
MinimumVisualStudioVersion = 10.0.40219.1
Project("{2150E333-8FDC-42A3-9474-1A3956D46DE8}") = "scripting", "scripting", "{113B6473-8D7C-86E8-D705-87EF19881667}"
EndProject
Project("{FAE04EC0-301F-11D3-BF4B-00C04F79EFBC}") = "EntropyBindings", "scripting\entropy\EntropyBindings.csproj", "{E31EF6E5-09CD-D54D-90B9-9B7B3661095A}"
EndProject
Global
	GlobalSection(SolutionConfigurationPlatforms) = preSolution
		Debug|Any CPU = Debug|Any CPU
		Release|Any CPU = Release|Any CPU
	EndGlobalSection
	GlobalSection(ProjectConfigurationPlatforms) = postSolution
		{E31EF6E5-09CD-D54D-90B9-9B7B3661095A}.Debug|Any CPU.ActiveCfg = Debug|Any CPU
		{E31EF6E5-09CD-D54D-90B9-9B7B3661095A}.Debug|Any CPU.Build.0 = Debug|Any CPU
		{E31EF6E5-09CD-D54D-90B9-9B7B3661095A}.Release|Any CPU.ActiveCfg = Release|Any CPU
		{E31EF6E5-09CD-D54D-90B9-9B7B3661095A}.Release|Any CPU.Build.0 = Release|Any CPU
	EndGlobalSection
	GlobalSection(SolutionProperties) = preSolution
		HideSolutionNode = FALSE
	EndGlobalSection
	GlobalSection(NestedProjects) = preSolution
		{E31EF6E5-09CD-D54D-90B9-9B7B3661095A} = {113B6473-8D7C-86E8-D705-87EF19881667}
	EndGlobalSection
	GlobalSection(ExtensibilityGlobals) = postSolution
		SolutionGuid = {4B33E065-D36C-4A8A-B9FC-B047A2F2AAF6}
	EndGlobalSection
EndGlobal
